
Microsoft Visual Studio Solution File, Format Version 12.00
# Visual Studio Version 17
VisualStudioVersion = 17.11.35312.102
MinimumVisualStudioVersion = 10.0.40219.1
Project("{FAE04EC0-301F-11D3-BF4B-00C04F79EFBC}") = "8EkimFormOdevi1", "8EkimFormOdevi1\8EkimFormOdevi1.csproj", "{39993DC3-62FB-49F6-8273-F3E2A08B692B}"
EndProject
Global
	GlobalSection(SolutionConfigurationPlatforms) = preSolution
		Debug|Any CPU = Debug|Any CPU
		Release|Any CPU = Release|Any CPU
	EndGlobalSection
	GlobalSection(ProjectConfigurationPlatforms) = postSolution
		{39993DC3-62FB-49F6-8273-F3E2A08B692B}.Debug|Any CPU.ActiveCfg = Debug|Any CPU
		{39993DC3-62FB-49F6-8273-F3E2A08B692B}.Debug|Any CPU.Build.0 = Debug|Any CPU
		{39993DC3-62FB-49F6-8273-F3E2A08B692B}.Release|Any CPU.ActiveCfg = Release|Any CPU
		{39993DC3-62FB-49F6-8273-F3E2A08B692B}.Release|Any CPU.Build.0 = Release|Any CPU
	EndGlobalSection
	GlobalSection(SolutionProperties) = preSolution
		HideSolutionNode = FALSE
	EndGlobalSection
	GlobalSection(ExtensibilityGlobals) = postSolution
		SolutionGuid = {8633D5AB-C3B2-43C9-AF0A-3648F47DDA21}
	EndGlobalSection
EndGlobal
